<Solution>
  <Configurations>
    <BuildType Name="Debug_client" />
    <BuildType Name="Debug_server" />
    <BuildType Name="Release_client" />
    <BuildType Name="Release_server" />
    <Platform Name="x86" />
  </Configurations>
  <Project Path="CSO-VMware.vcxproj" Id="dd32ef2a-7c3b-4a02-bc5e-038ed46da11f" />
</Solution>
